// !$*UTF8*$!
{
	archiveVersion = 1;
	classes = {
	};
	objectVersion = 50;
	objects = {

/* Begin PBXBuildFile section */
		E576340F20A98405001D237D /* AppDelegate.swift in Sources */ = {isa = PBXBuildFile; fileRef = E576340E20A98405001D237D /* AppDelegate.swift */; };
		E576341620A98405001D237D /* Assets.xcassets in Resources */ = {isa = PBXBuildFile; fileRef = E576341520A98405001D237D /* Assets.xcassets */; };
		E576341920A98405001D237D /* LaunchScreen.storyboard in Resources */ = {isa = PBXBuildFile; fileRef = E576341720A98405001D237D /* LaunchScreen.storyboard */; };
		E576342B20A98632001D237D /* TableContactInteractorProtocol.swift in Sources */ = {isa = PBXBuildFile; fileRef = E576342A20A98632001D237D /* TableContactInteractorProtocol.swift */; };
		E576342D20A98648001D237D /* TableContactPresenterProtocol.swift in Sources */ = {isa = PBXBuildFile; fileRef = E576342C20A98648001D237D /* TableContactPresenterProtocol.swift */; };
		E576342F20A9865B001D237D /* TableContactViewProtocol.swift in Sources */ = {isa = PBXBuildFile; fileRef = E576342E20A9865B001D237D /* TableContactViewProtocol.swift */; };
		E576343120A98680001D237D /* TableContactRouterProtocol.swift in Sources */ = {isa = PBXBuildFile; fileRef = E576343020A98680001D237D /* TableContactRouterProtocol.swift */; };
		E576343320A98695001D237D /* TableContactDataManagerProtocol.swift in Sources */ = {isa = PBXBuildFile; fileRef = E576343220A98695001D237D /* TableContactDataManagerProtocol.swift */; };
		E576343520A98776001D237D /* ContactTableVC.swift in Sources */ = {isa = PBXBuildFile; fileRef = E576343420A98776001D237D /* ContactTableVC.swift */; };
		E576343720A987E3001D237D /* TableContactRouter.swift in Sources */ = {isa = PBXBuildFile; fileRef = E576343620A987E3001D237D /* TableContactRouter.swift */; };
		E576343920A98808001D237D /* TableContactPresenter.swift in Sources */ = {isa = PBXBuildFile; fileRef = E576343820A98808001D237D /* TableContactPresenter.swift */; };
		E576343B20A98827001D237D /* TableContactInteractor.swift in Sources */ = {isa = PBXBuildFile; fileRef = E576343A20A98827001D237D /* TableContactInteractor.swift */; };
		E576343D20A9884D001D237D /* TableContactDataManager.swift in Sources */ = {isa = PBXBuildFile; fileRef = E576343C20A9884D001D237D /* TableContactDataManager.swift */; };
		E576344120A98C78001D237D /* AddNewContactViewProtocol.swift in Sources */ = {isa = PBXBuildFile; fileRef = E576344020A98C77001D237D /* AddNewContactViewProtocol.swift */; };
		E576344320A98C86001D237D /* AddNewContactRouterProtocol.swift in Sources */ = {isa = PBXBuildFile; fileRef = E576344220A98C86001D237D /* AddNewContactRouterProtocol.swift */; };
		E576344520A98C98001D237D /* AddNewContactInteractorProtocol.swift in Sources */ = {isa = PBXBuildFile; fileRef = E576344420A98C98001D237D /* AddNewContactInteractorProtocol.swift */; };
		E576344720A98CB1001D237D /* AddNewContactPresenterProtocol.swift in Sources */ = {isa = PBXBuildFile; fileRef = E576344620A98CB1001D237D /* AddNewContactPresenterProtocol.swift */; };
		E576344920A98CC5001D237D /* AddNewContactDataManagerProtocol.swift in Sources */ = {isa = PBXBuildFile; fileRef = E576344820A98CC5001D237D /* AddNewContactDataManagerProtocol.swift */; };
		E576344C20A98D97001D237D /* AddNewContactViewController.swift in Sources */ = {isa = PBXBuildFile; fileRef = E576344A20A98D97001D237D /* AddNewContactViewController.swift */; };
		E576344D20A98D97001D237D /* AddNewContactViewController.xib in Resources */ = {isa = PBXBuildFile; fileRef = E576344B20A98D97001D237D /* AddNewContactViewController.xib */; };
		E576344F20A98DD8001D237D /* AddNewContactInteractor.swift in Sources */ = {isa = PBXBuildFile; fileRef = E576344E20A98DD8001D237D /* AddNewContactInteractor.swift */; };
		E576345120A98DF0001D237D /* AddNewContactPresenter.swift in Sources */ = {isa = PBXBuildFile; fileRef = E576345020A98DF0001D237D /* AddNewContactPresenter.swift */; };
		E576345320A98E14001D237D /* AddNewContactRouter.swift in Sources */ = {isa = PBXBuildFile; fileRef = E576345220A98E14001D237D /* AddNewContactRouter.swift */; };
		E576345520A98E3F001D237D /* AddNewContactDataManager.swift in Sources */ = {isa = PBXBuildFile; fileRef = E576345420A98E3F001D237D /* AddNewContactDataManager.swift */; };
		E576345720A99463001D237D /* DetailContactInteractorProtocol.swift in Sources */ = {isa = PBXBuildFile; fileRef = E576345620A99463001D237D /* DetailContactInteractorProtocol.swift */; };
		E576345920A9947A001D237D /* DetailContactPresenterProtocol.swift in Sources */ = {isa = PBXBuildFile; fileRef = E576345820A9947A001D237D /* DetailContactPresenterProtocol.swift */; };
		E576345B20A9948F001D237D /* DetailContactViewProtocol.swift in Sources */ = {isa = PBXBuildFile; fileRef = E576345A20A9948F001D237D /* DetailContactViewProtocol.swift */; };
		E576345D20A994A2001D237D /* DetailContactRouterProtocol.swift in Sources */ = {isa = PBXBuildFile; fileRef = E576345C20A994A2001D237D /* DetailContactRouterProtocol.swift */; };
		E576345F20A994BD001D237D /* DetailContactDataManagerProtocol.swift in Sources */ = {isa = PBXBuildFile; fileRef = E576345E20A994BD001D237D /* DetailContactDataManagerProtocol.swift */; };
		E576346220A994D7001D237D /* DetailContactViewController.swift in Sources */ = {isa = PBXBuildFile; fileRef = E576346020A994D7001D237D /* DetailContactViewController.swift */; };
		E576346320A994D7001D237D /* DetailContactViewController.xib in Resources */ = {isa = PBXBuildFile; fileRef = E576346120A994D7001D237D /* DetailContactViewController.xib */; };
		E576346520A995A0001D237D /* DetailContactPresenter.swift in Sources */ = {isa = PBXBuildFile; fileRef = E576346420A995A0001D237D /* DetailContactPresenter.swift */; };
		E576346720A995BE001D237D /* DetailContactInteractor.swift in Sources */ = {isa = PBXBuildFile; fileRef = E576346620A995BE001D237D /* DetailContactInteractor.swift */; };
		E576346920A995D6001D237D /* DetailContactRouter.swift in Sources */ = {isa = PBXBuildFile; fileRef = E576346820A995D6001D237D /* DetailContactRouter.swift */; };
		E576346B20A995FC001D237D /* DetailContactDataManager.swift in Sources */ = {isa = PBXBuildFile; fileRef = E576346A20A995FC001D237D /* DetailContactDataManager.swift */; };
		E576349020A99F14001D237D /* CoreDataStack.swift in Sources */ = {isa = PBXBuildFile; fileRef = E576348F20A99F14001D237D /* CoreDataStack.swift */; };
		E576349320A9A0E1001D237D /* ViperContact.xcdatamodeld in Sources */ = {isa = PBXBuildFile; fileRef = E576349120A9A0E1001D237D /* ViperContact.xcdatamodeld */; };
/* End PBXBuildFile section */

/* Begin PBXFileReference section */
		E576340B20A98405001D237D /* ViperContact.app */ = {isa = PBXFileReference; explicitFileType = wrapper.application; includeInIndex = 0; path = ViperContact.app; sourceTree = BUILT_PRODUCTS_DIR; };
		E576340E20A98405001D237D /* AppDelegate.swift */ = {isa = PBXFileReference; lastKnownFileType = sourcecode.swift; path = AppDelegate.swift; sourceTree = "<group>"; };
		E576341520A98405001D237D /* Assets.xcassets */ = {isa = PBXFileReference; lastKnownFileType = folder.assetcatalog; path = Assets.xcassets; sourceTree = "<group>"; };
		E576341820A98405001D237D /* Base */ = {isa = PBXFileReference; lastKnownFileType = file.storyboard; name = Base; path = Base.lproj/LaunchScreen.storyboard; sourceTree = "<group>"; };
		E576341A20A98405001D237D /* Info.plist */ = {isa = PBXFileReference; lastKnownFileType = text.plist.xml; path = Info.plist; sourceTree = "<group>"; };
		E576342A20A98632001D237D /* TableContactInteractorProtocol.swift */ = {isa = PBXFileReference; lastKnownFileType = sourcecode.swift; path = TableContactInteractorProtocol.swift; sourceTree = "<group>"; };
		E576342C20A98648001D237D /* TableContactPresenterProtocol.swift */ = {isa = PBXFileReference; lastKnownFileType = sourcecode.swift; path = TableContactPresenterProtocol.swift; sourceTree = "<group>"; };
		E576342E20A9865B001D237D /* TableContactViewProtocol.swift */ = {isa = PBXFileReference; lastKnownFileType = sourcecode.swift; path = TableContactViewProtocol.swift; sourceTree = "<group>"; };
		E576343020A98680001D237D /* TableContactRouterProtocol.swift */ = {isa = PBXFileReference; lastKnownFileType = sourcecode.swift; path = TableContactRouterProtocol.swift; sourceTree = "<group>"; };
		E576343220A98695001D237D /* TableContactDataManagerProtocol.swift */ = {isa = PBXFileReference; lastKnownFileType = sourcecode.swift; path = TableContactDataManagerProtocol.swift; sourceTree = "<group>"; };
		E576343420A98776001D237D /* ContactTableVC.swift */ = {isa = PBXFileReference; lastKnownFileType = sourcecode.swift; path = ContactTableVC.swift; sourceTree = "<group>"; };
		E576343620A987E3001D237D /* TableContactRouter.swift */ = {isa = PBXFileReference; lastKnownFileType = sourcecode.swift; path = TableContactRouter.swift; sourceTree = "<group>"; };
		E576343820A98808001D237D /* TableContactPresenter.swift */ = {isa = PBXFileReference; lastKnownFileType = sourcecode.swift; path = TableContactPresenter.swift; sourceTree = "<group>"; };
		E576343A20A98827001D237D /* TableContactInteractor.swift */ = {isa = PBXFileReference; lastKnownFileType = sourcecode.swift; path = TableContactInteractor.swift; sourceTree = "<group>"; };
		E576343C20A9884D001D237D /* TableContactDataManager.swift */ = {isa = PBXFileReference; lastKnownFileType = sourcecode.swift; path = TableContactDataManager.swift; sourceTree = "<group>"; };
		E576344020A98C77001D237D /* AddNewContactViewProtocol.swift */ = {isa = PBXFileReference; fileEncoding = 4; lastKnownFileType = sourcecode.swift; path = AddNewContactViewProtocol.swift; sourceTree = "<group>"; };
		E576344220A98C86001D237D /* AddNewContactRouterProtocol.swift */ = {isa = PBXFileReference; lastKnownFileType = sourcecode.swift; path = AddNewContactRouterProtocol.swift; sourceTree = "<group>"; };
		E576344420A98C98001D237D /* AddNewContactInteractorProtocol.swift */ = {isa = PBXFileReference; lastKnownFileType = sourcecode.swift; path = AddNewContactInteractorProtocol.swift; sourceTree = "<group>"; };
		E576344620A98CB1001D237D /* AddNewContactPresenterProtocol.swift */ = {isa = PBXFileReference; lastKnownFileType = sourcecode.swift; path = AddNewContactPresenterProtocol.swift; sourceTree = "<group>"; };
		E576344820A98CC5001D237D /* AddNewContactDataManagerProtocol.swift */ = {isa = PBXFileReference; lastKnownFileType = sourcecode.swift; path = AddNewContactDataManagerProtocol.swift; sourceTree = "<group>"; };
		E576344A20A98D97001D237D /* AddNewContactViewController.swift */ = {isa = PBXFileReference; lastKnownFileType = sourcecode.swift; path = AddNewContactViewController.swift; sourceTree = "<group>"; };
		E576344B20A98D97001D237D /* AddNewContactViewController.xib */ = {isa = PBXFileReference; lastKnownFileType = file.xib; path = AddNewContactViewController.xib; sourceTree = "<group>"; };
		E576344E20A98DD8001D237D /* AddNewContactInteractor.swift */ = {isa = PBXFileReference; lastKnownFileType = sourcecode.swift; path = AddNewContactInteractor.swift; sourceTree = "<group>"; };
		E576345020A98DF0001D237D /* AddNewContactPresenter.swift */ = {isa = PBXFileReference; lastKnownFileType = sourcecode.swift; path = AddNewContactPresenter.swift; sourceTree = "<group>"; };
		E576345220A98E14001D237D /* AddNewContactRouter.swift */ = {isa = PBXFileReference; lastKnownFileType = sourcecode.swift; path = AddNewContactRouter.swift; sourceTree = "<group>"; };
		E576345420A98E3F001D237D /* AddNewContactDataManager.swift */ = {isa = PBXFileReference; lastKnownFileType = sourcecode.swift; path = AddNewContactDataManager.swift; sourceTree = "<group>"; };
		E576345620A99463001D237D /* DetailContactInteractorProtocol.swift */ = {isa = PBXFileReference; lastKnownFileType = sourcecode.swift; path = DetailContactInteractorProtocol.swift; sourceTree = "<group>"; };
		E576345820A9947A001D237D /* DetailContactPresenterProtocol.swift */ = {isa = PBXFileReference; lastKnownFileType = sourcecode.swift; path = DetailContactPresenterProtocol.swift; sourceTree = "<group>"; };
		E576345A20A9948F001D237D /* DetailContactViewProtocol.swift */ = {isa = PBXFileReference; lastKnownFileType = sourcecode.swift; path = DetailContactViewProtocol.swift; sourceTree = "<group>"; };
		E576345C20A994A2001D237D /* DetailContactRouterProtocol.swift */ = {isa = PBXFileReference; lastKnownFileType = sourcecode.swift; path = DetailContactRouterProtocol.swift; sourceTree = "<group>"; };
		E576345E20A994BD001D237D /* DetailContactDataManagerProtocol.swift */ = {isa = PBXFileReference; lastKnownFileType = sourcecode.swift; path = DetailContactDataManagerProtocol.swift; sourceTree = "<group>"; };
		E576346020A994D7001D237D /* DetailContactViewController.swift */ = {isa = PBXFileReference; lastKnownFileType = sourcecode.swift; path = DetailContactViewController.swift; sourceTree = "<group>"; };
		E576346120A994D7001D237D /* DetailContactViewController.xib */ = {isa = PBXFileReference; lastKnownFileType = file.xib; path = DetailContactViewController.xib; sourceTree = "<group>"; };
		E576346420A995A0001D237D /* DetailContactPresenter.swift */ = {isa = PBXFileReference; lastKnownFileType = sourcecode.swift; path = DetailContactPresenter.swift; sourceTree = "<group>"; };
		E576346620A995BE001D237D /* DetailContactInteractor.swift */ = {isa = PBXFileReference; lastKnownFileType = sourcecode.swift; path = DetailContactInteractor.swift; sourceTree = "<group>"; };
		E576346820A995D6001D237D /* DetailContactRouter.swift */ = {isa = PBXFileReference; lastKnownFileType = sourcecode.swift; path = DetailContactRouter.swift; sourceTree = "<group>"; };
		E576346A20A995FC001D237D /* DetailContactDataManager.swift */ = {isa = PBXFileReference; lastKnownFileType = sourcecode.swift; path = DetailContactDataManager.swift; sourceTree = "<group>"; };
		E576348F20A99F14001D237D /* CoreDataStack.swift */ = {isa = PBXFileReference; fileEncoding = 4; lastKnownFileType = sourcecode.swift; path = CoreDataStack.swift; sourceTree = "<group>"; };
		E576349220A9A0E1001D237D /* ViperContact.xcdatamodel */ = {isa = PBXFileReference; lastKnownFileType = wrapper.xcdatamodel; path = ViperContact.xcdatamodel; sourceTree = "<group>"; };
/* End PBXFileReference section */

/* Begin PBXFrameworksBuildPhase section */
		E576340820A98405001D237D /* Frameworks */ = {
			isa = PBXFrameworksBuildPhase;
			buildActionMask = 2147483647;
			files = (
			);
			runOnlyForDeploymentPostprocessing = 0;
		};
/* End PBXFrameworksBuildPhase section */

/* Begin PBXGroup section */
		E576340220A98405001D237D = {
			isa = PBXGroup;
			children = (
				E576340D20A98405001D237D /* ViperContact */,
				E576340C20A98405001D237D /* Products */,
			);
			sourceTree = "<group>";
		};
		E576340C20A98405001D237D /* Products */ = {
			isa = PBXGroup;
			children = (
				E576340B20A98405001D237D /* ViperContact.app */,
			);
			name = Products;
			sourceTree = "<group>";
		};
		E576340D20A98405001D237D /* ViperContact */ = {
			isa = PBXGroup;
			children = (
				E576340E20A98405001D237D /* AppDelegate.swift */,
				E576341A20A98405001D237D /* Info.plist */,
				E576342020A9859C001D237D /* Modules */,
			);
			path = ViperContact;
			sourceTree = "<group>";
		};
		E576342020A9859C001D237D /* Modules */ = {
			isa = PBXGroup;
			children = (
				E57634B320A9E888001D237D /* Commons */,
				E576342320A985C3001D237D /* AddNewContact */,
				E576342220A985BA001D237D /* DetailContact */,
				E576342120A985AD001D237D /* TableContacts */,
			);
			path = Modules;
			sourceTree = "<group>";
		};
		E576342120A985AD001D237D /* TableContacts */ = {
			isa = PBXGroup;
			children = (
				E576342920A98615001D237D /* Protocols */,
				E576342420A985F0001D237D /* Implementation */,
			);
			path = TableContacts;
			sourceTree = "<group>";
		};
		E576342220A985BA001D237D /* DetailContact */ = {
			isa = PBXGroup;
			children = (
				E576342820A9860A001D237D /* Protocols */,
				E576342520A985FB001D237D /* Implementation */,
			);
			path = DetailContact;
			sourceTree = "<group>";
		};
		E576342320A985C3001D237D /* AddNewContact */ = {
			isa = PBXGroup;
			children = (
				E576342720A98603001D237D /* Protocols */,
				E576342620A985FF001D237D /* Implementation */,
			);
			path = AddNewContact;
			sourceTree = "<group>";
		};
		E576342420A985F0001D237D /* Implementation */ = {
			isa = PBXGroup;
			children = (
				E57634B120A9E80A001D237D /* View */,
				E57634A220A9E797001D237D /* Interactor */,
				E57634A620A9E7BB001D237D /* Presenter */,
				E57634AB20A9E7DF001D237D /* Entity */,
				E57634AA20A9E7D8001D237D /* Router */,
			);
			path = Implementation;
			sourceTree = "<group>";
		};
		E576342520A985FB001D237D /* Implementation */ = {
			isa = PBXGroup;
			children = (
				E57634AF20A9E7FC001D237D /* View */,
				E57634A020A9E789001D237D /* Interactor */,
				E57634A420A9E7AD001D237D /* Presenter */,
				E57634AD20A9E7EF001D237D /* Entity */,
				E57634A820A9E7CD001D237D /* Router */,
			);
			path = Implementation;
			sourceTree = "<group>";
		};
		E576342620A985FF001D237D /* Implementation */ = {
			isa = PBXGroup;
			children = (
				E576349920A9E740001D237D /* View */,
				E576349A20A9E748001D237D /* Interactor */,
				E576349B20A9E752001D237D /* Presenter */,
				E576349C20A9E75C001D237D /* Entity */,
				E576349D20A9E764001D237D /* Router */,
			);
			path = Implementation;
			sourceTree = "<group>";
		};
		E576342720A98603001D237D /* Protocols */ = {
			isa = PBXGroup;
			children = (
				E576349420A9E706001D237D /* View */,
				E576349520A9E710001D237D /* Interactor */,
				E576349620A9E71E001D237D /* Presenter */,
				E576349720A9E728001D237D /* Entity */,
				E576349820A9E730001D237D /* Router */,
			);
			path = Protocols;
			sourceTree = "<group>";
		};
		E576342820A9860A001D237D /* Protocols */ = {
			isa = PBXGroup;
			children = (
				E576349E20A9E778001D237D /* View */,
				E576349F20A9E77F001D237D /* Interactor */,
				E57634A320A9E79E001D237D /* Presenter */,
				E57634AE20A9E7F6001D237D /* Entity */,
				E57634A720A9E7C3001D237D /* Router */,
			);
			path = Protocols;
			sourceTree = "<group>";
		};
		E576342920A98615001D237D /* Protocols */ = {
			isa = PBXGroup;
			children = (
				E57634B020A9E806001D237D /* View */,
				E57634A120A9E791001D237D /* Interactor */,
				E57634A520A9E7B4001D237D /* Presenter */,
				E57634AC20A9E7E8001D237D /* Entity */,
				E57634A920A9E7D4001D237D /* Router */,
			);
			path = Protocols;
			sourceTree = "<group>";
		};
		E576349420A9E706001D237D /* View */ = {
			isa = PBXGroup;
			children = (
				E576344020A98C77001D237D /* AddNewContactViewProtocol.swift */,
			);
			path = View;
			sourceTree = "<group>";
		};
		E576349520A9E710001D237D /* Interactor */ = {
			isa = PBXGroup;
			children = (
				E576344420A98C98001D237D /* AddNewContactInteractorProtocol.swift */,
			);
			path = Interactor;
			sourceTree = "<group>";
		};
		E576349620A9E71E001D237D /* Presenter */ = {
			isa = PBXGroup;
			children = (
				E576344620A98CB1001D237D /* AddNewContactPresenterProtocol.swift */,
			);
			path = Presenter;
			sourceTree = "<group>";
		};
		E576349720A9E728001D237D /* Entity */ = {
			isa = PBXGroup;
			children = (
				E576344820A98CC5001D237D /* AddNewContactDataManagerProtocol.swift */,
			);
			path = Entity;
			sourceTree = "<group>";
		};
		E576349820A9E730001D237D /* Router */ = {
			isa = PBXGroup;
			children = (
				E576344220A98C86001D237D /* AddNewContactRouterProtocol.swift */,
			);
			path = Router;
			sourceTree = "<group>";
		};
		E576349920A9E740001D237D /* View */ = {
			isa = PBXGroup;
			children = (
				E576344A20A98D97001D237D /* AddNewContactViewController.swift */,
				E576344B20A98D97001D237D /* AddNewContactViewController.xib */,
			);
			path = View;
			sourceTree = "<group>";
		};
		E576349A20A9E748001D237D /* Interactor */ = {
			isa = PBXGroup;
			children = (
				E576344E20A98DD8001D237D /* AddNewContactInteractor.swift */,
			);
			path = Interactor;
			sourceTree = "<group>";
		};
		E576349B20A9E752001D237D /* Presenter */ = {
			isa = PBXGroup;
			children = (
				E576345020A98DF0001D237D /* AddNewContactPresenter.swift */,
			);
			path = Presenter;
			sourceTree = "<group>";
		};
		E576349C20A9E75C001D237D /* Entity */ = {
			isa = PBXGroup;
			children = (
				E576345420A98E3F001D237D /* AddNewContactDataManager.swift */,
			);
			path = Entity;
			sourceTree = "<group>";
		};
		E576349D20A9E764001D237D /* Router */ = {
			isa = PBXGroup;
			children = (
				E576345220A98E14001D237D /* AddNewContactRouter.swift */,
			);
			path = Router;
			sourceTree = "<group>";
		};
		E576349E20A9E778001D237D /* View */ = {
			isa = PBXGroup;
			children = (
				E576345A20A9948F001D237D /* DetailContactViewProtocol.swift */,
			);
			path = View;
			sourceTree = "<group>";
		};
		E576349F20A9E77F001D237D /* Interactor */ = {
			isa = PBXGroup;
			children = (
				E576345620A99463001D237D /* DetailContactInteractorProtocol.swift */,
			);
			path = Interactor;
			sourceTree = "<group>";
		};
		E57634A020A9E789001D237D /* Interactor */ = {
			isa = PBXGroup;
			children = (
				E576346620A995BE001D237D /* DetailContactInteractor.swift */,
			);
			path = Interactor;
			sourceTree = "<group>";
		};
		E57634A120A9E791001D237D /* Interactor */ = {
			isa = PBXGroup;
			children = (
				E576342A20A98632001D237D /* TableContactInteractorProtocol.swift */,
			);
			path = Interactor;
			sourceTree = "<group>";
		};
		E57634A220A9E797001D237D /* Interactor */ = {
			isa = PBXGroup;
			children = (
				E576343A20A98827001D237D /* TableContactInteractor.swift */,
			);
			path = Interactor;
			sourceTree = "<group>";
		};
		E57634A320A9E79E001D237D /* Presenter */ = {
			isa = PBXGroup;
			children = (
				E576345820A9947A001D237D /* DetailContactPresenterProtocol.swift */,
			);
			path = Presenter;
			sourceTree = "<group>";
		};
		E57634A420A9E7AD001D237D /* Presenter */ = {
			isa = PBXGroup;
			children = (
				E576346420A995A0001D237D /* DetailContactPresenter.swift */,
			);
			path = Presenter;
			sourceTree = "<group>";
		};
		E57634A520A9E7B4001D237D /* Presenter */ = {
			isa = PBXGroup;
			children = (
				E576342C20A98648001D237D /* TableContactPresenterProtocol.swift */,
			);
			path = Presenter;
			sourceTree = "<group>";
		};
		E57634A620A9E7BB001D237D /* Presenter */ = {
			isa = PBXGroup;
			children = (
				E576343820A98808001D237D /* TableContactPresenter.swift */,
			);
			path = Presenter;
			sourceTree = "<group>";
		};
		E57634A720A9E7C3001D237D /* Router */ = {
			isa = PBXGroup;
			children = (
				E576345C20A994A2001D237D /* DetailContactRouterProtocol.swift */,
			);
			path = Router;
			sourceTree = "<group>";
		};
		E57634A820A9E7CD001D237D /* Router */ = {
			isa = PBXGroup;
			children = (
				E576346820A995D6001D237D /* DetailContactRouter.swift */,
			);
			path = Router;
			sourceTree = "<group>";
		};
		E57634A920A9E7D4001D237D /* Router */ = {
			isa = PBXGroup;
			children = (
				E576343020A98680001D237D /* TableContactRouterProtocol.swift */,
			);
			path = Router;
			sourceTree = "<group>";
		};
		E57634AA20A9E7D8001D237D /* Router */ = {
			isa = PBXGroup;
			children = (
				E576343620A987E3001D237D /* TableContactRouter.swift */,
			);
			path = Router;
			sourceTree = "<group>";
		};
		E57634AB20A9E7DF001D237D /* Entity */ = {
			isa = PBXGroup;
			children = (
				E576343C20A9884D001D237D /* TableContactDataManager.swift */,
			);
			path = Entity;
			sourceTree = "<group>";
		};
		E57634AC20A9E7E8001D237D /* Entity */ = {
			isa = PBXGroup;
			children = (
				E576343220A98695001D237D /* TableContactDataManagerProtocol.swift */,
			);
			path = Entity;
			sourceTree = "<group>";
		};
		E57634AD20A9E7EF001D237D /* Entity */ = {
			isa = PBXGroup;
			children = (
				E576346A20A995FC001D237D /* DetailContactDataManager.swift */,
			);
			path = Entity;
			sourceTree = "<group>";
		};
		E57634AE20A9E7F6001D237D /* Entity */ = {
			isa = PBXGroup;
			children = (
				E576345E20A994BD001D237D /* DetailContactDataManagerProtocol.swift */,
			);
			path = Entity;
			sourceTree = "<group>";
		};
		E57634AF20A9E7FC001D237D /* View */ = {
			isa = PBXGroup;
			children = (
				E576346020A994D7001D237D /* DetailContactViewController.swift */,
				E576346120A994D7001D237D /* DetailContactViewController.xib */,
			);
			path = View;
			sourceTree = "<group>";
		};
		E57634B020A9E806001D237D /* View */ = {
			isa = PBXGroup;
			children = (
				E576342E20A9865B001D237D /* TableContactViewProtocol.swift */,
			);
			path = View;
			sourceTree = "<group>";
		};
		E57634B120A9E80A001D237D /* View */ = {
			isa = PBXGroup;
			children = (
				E576343420A98776001D237D /* ContactTableVC.swift */,
			);
			path = View;
			sourceTree = "<group>";
		};
		E57634B220A9E87C001D237D /* CoreData */ = {
			isa = PBXGroup;
			children = (
				E576348F20A99F14001D237D /* CoreDataStack.swift */,
				E576349120A9A0E1001D237D /* ViperContact.xcdatamodeld */,
			);
			path = CoreData;
			sourceTree = "<group>";
		};
		E57634B320A9E888001D237D /* Commons */ = {
			isa = PBXGroup;
			children = (
				E576341720A98405001D237D /* LaunchScreen.storyboard */,
				E576341520A98405001D237D /* Assets.xcassets */,
				E57634B220A9E87C001D237D /* CoreData */,
			);
			path = Commons;
			sourceTree = "<group>";
		};
/* End PBXGroup section */

/* Begin PBXNativeTarget section */
		E576340A20A98405001D237D /* ViperContact */ = {
			isa = PBXNativeTarget;
			buildConfigurationList = E576341D20A98405001D237D /* Build configuration list for PBXNativeTarget "ViperContact" */;
			buildPhases = (
				E576340720A98405001D237D /* Sources */,
				E576340820A98405001D237D /* Frameworks */,
				E576340920A98405001D237D /* Resources */,
				E576346E20A999CD001D237D /* ShellScript */,
			);
			buildRules = (
			);
			dependencies = (
			);
			name = ViperContact;
			productName = ViperContact;
			productReference = E576340B20A98405001D237D /* ViperContact.app */;
			productType = "com.apple.product-type.application";
		};
/* End PBXNativeTarget section */

/* Begin PBXProject section */
		E576340320A98405001D237D /* Project object */ = {
			isa = PBXProject;
			attributes = {
				LastSwiftUpdateCheck = 0930;
				LastUpgradeCheck = 0930;
				ORGANIZATIONNAME = "Alan Casas Arevalo";
				TargetAttributes = {
					E576340A20A98405001D237D = {
						CreatedOnToolsVersion = 9.3;
					};
				};
			};
			buildConfigurationList = E576340620A98405001D237D /* Build configuration list for PBXProject "ViperContact" */;
			compatibilityVersion = "Xcode 9.3";
			developmentRegion = en;
			hasScannedForEncodings = 0;
			knownRegions = (
				en,
				Base,
			);
			mainGroup = E576340220A98405001D237D;
			productRefGroup = E576340C20A98405001D237D /* Products */;
			projectDirPath = "";
			projectRoot = "";
			targets = (
				E576340A20A98405001D237D /* ViperContact */,
			);
		};
/* End PBXProject section */

/* Begin PBXResourcesBuildPhase section */
		E576340920A98405001D237D /* Resources */ = {
			isa = PBXResourcesBuildPhase;
			buildActionMask = 2147483647;
			files = (
				E576341920A98405001D237D /* LaunchScreen.storyboard in Resources */,
				E576341620A98405001D237D /* Assets.xcassets in Resources */,
				E576346320A994D7001D237D /* DetailContactViewController.xib in Resources */,
				E576344D20A98D97001D237D /* AddNewContactViewController.xib in Resources */,
			);
			runOnlyForDeploymentPostprocessing = 0;
		};
/* End PBXResourcesBuildPhase section */

/* Begin PBXShellScriptBuildPhase section */
		E576346E20A999CD001D237D /* ShellScript */ = {
			isa = PBXShellScriptBuildPhase;
			buildActionMask = 2147483647;
			files = (
			);
			inputPaths = (
			);
			outputPaths = (
			);
			runOnlyForDeploymentPostprocessing = 0;
			shellPath = /bin/sh;
			shellScript = "TAGS=\"TODO:|FIXME:|WARNING:\"\nERRORTAG=\"ERROR:\"\nfind \"${SRCROOT}\" \\( -name \"*.h\" -or -name \"*.m\" -or -name \"*.swift\" \\) -print0 | xargs -0 egrep --with-filename --line-number --only-matching \"($TAGS).*\\$|($ERRORTAG).*\\$\" | perl -p -e \"s/($TAGS)/ warning: \\$1/\"| perl -p -e \"s/($ERRORTAG)/ error: \\$1/\"";
		};
/* End PBXShellScriptBuildPhase section */

/* Begin PBXSourcesBuildPhase section */
		E576340720A98405001D237D /* Sources */ = {
			isa = PBXSourcesBuildPhase;
			buildActionMask = 2147483647;
			files = (
				E576345320A98E14001D237D /* AddNewContactRouter.swift in Sources */,
				E576346220A994D7001D237D /* DetailContactViewController.swift in Sources */,
				E576346520A995A0001D237D /* DetailContactPresenter.swift in Sources */,
				E576344520A98C98001D237D /* AddNewContactInteractorProtocol.swift in Sources */,
				E576344320A98C86001D237D /* AddNewContactRouterProtocol.swift in Sources */,
				E576345920A9947A001D237D /* DetailContactPresenterProtocol.swift in Sources */,
				E576349020A99F14001D237D /* CoreDataStack.swift in Sources */,
				E576343720A987E3001D237D /* TableContactRouter.swift in Sources */,
				E576342D20A98648001D237D /* TableContactPresenterProtocol.swift in Sources */,
				E576344F20A98DD8001D237D /* AddNewContactInteractor.swift in Sources */,
				E576344C20A98D97001D237D /* AddNewContactViewController.swift in Sources */,
				E576346720A995BE001D237D /* DetailContactInteractor.swift in Sources */,
				E576343B20A98827001D237D /* TableContactInteractor.swift in Sources */,
				E576343320A98695001D237D /* TableContactDataManagerProtocol.swift in Sources */,
				E576342B20A98632001D237D /* TableContactInteractorProtocol.swift in Sources */,
				E576349320A9A0E1001D237D /* ViperContact.xcdatamodeld in Sources */,
				E576346920A995D6001D237D /* DetailContactRouter.swift in Sources */,
				E576345520A98E3F001D237D /* AddNewContactDataManager.swift in Sources */,
				E576344920A98CC5001D237D /* AddNewContactDataManagerProtocol.swift in Sources */,
				E576346B20A995FC001D237D /* DetailContactDataManager.swift in Sources */,
				E576345F20A994BD001D237D /* DetailContactDataManagerProtocol.swift in Sources */,
				E576344720A98CB1001D237D /* AddNewContactPresenterProtocol.swift in Sources */,
				E576345B20A9948F001D237D /* DetailContactViewProtocol.swift in Sources */,
				E576343920A98808001D237D /* TableContactPresenter.swift in Sources */,
				E576345720A99463001D237D /* DetailContactInteractorProtocol.swift in Sources */,
				E576342F20A9865B001D237D /* TableContactViewProtocol.swift in Sources */,
				E576343120A98680001D237D /* TableContactRouterProtocol.swift in Sources */,
				E576340F20A98405001D237D /* AppDelegate.swift in Sources */,
				E576343520A98776001D237D /* ContactTableVC.swift in Sources */,
				E576344120A98C78001D237D /* AddNewContactViewProtocol.swift in Sources */,
				E576345D20A994A2001D237D /* DetailContactRouterProtocol.swift in Sources */,
				E576343D20A9884D001D237D /* TableContactDataManager.swift in Sources */,
				E576345120A98DF0001D237D /* AddNewContactPresenter.swift in Sources */,
			);
			runOnlyForDeploymentPostprocessing = 0;
		};
/* End PBXSourcesBuildPhase section */

/* Begin PBXVariantGroup section */
		E576341720A98405001D237D /* LaunchScreen.storyboard */ = {
			isa = PBXVariantGroup;
			children = (
				E576341820A98405001D237D /* Base */,
			);
			name = LaunchScreen.storyboard;
			sourceTree = "<group>";
		};
/* End PBXVariantGroup section */

/* Begin XCBuildConfiguration section */
		E576341B20A98405001D237D /* Debug */ = {
			isa = XCBuildConfiguration;
			buildSettings = {
				ALWAYS_SEARCH_USER_PATHS = NO;
				CLANG_ANALYZER_NONNULL = YES;
				CLANG_ANALYZER_NUMBER_OBJECT_CONVERSION = YES_AGGRESSIVE;
				CLANG_CXX_LANGUAGE_STANDARD = "gnu++14";
				CLANG_CXX_LIBRARY = "libc++";
				CLANG_ENABLE_MODULES = YES;
				CLANG_ENABLE_OBJC_ARC = YES;
				CLANG_ENABLE_OBJC_WEAK = YES;
				CLANG_WARN_BLOCK_CAPTURE_AUTORELEASING = YES;
				CLANG_WARN_BOOL_CONVERSION = YES;
				CLANG_WARN_COMMA = YES;
				CLANG_WARN_CONSTANT_CONVERSION = YES;
				CLANG_WARN_DEPRECATED_OBJC_IMPLEMENTATIONS = YES;
				CLANG_WARN_DIRECT_OBJC_ISA_USAGE = YES_ERROR;
				CLANG_WARN_DOCUMENTATION_COMMENTS = YES;
				CLANG_WARN_EMPTY_BODY = YES;
				CLANG_WARN_ENUM_CONVERSION = YES;
				CLANG_WARN_INFINITE_RECURSION = YES;
				CLANG_WARN_INT_CONVERSION = YES;
				CLANG_WARN_NON_LITERAL_NULL_CONVERSION = YES;
				CLANG_WARN_OBJC_IMPLICIT_RETAIN_SELF = YES;
				CLANG_WARN_OBJC_LITERAL_CONVERSION = YES;
				CLANG_WARN_OBJC_ROOT_CLASS = YES_ERROR;
				CLANG_WARN_RANGE_LOOP_ANALYSIS = YES;
				CLANG_WARN_STRICT_PROTOTYPES = YES;
				CLANG_WARN_SUSPICIOUS_MOVE = YES;
				CLANG_WARN_UNGUARDED_AVAILABILITY = YES_AGGRESSIVE;
				CLANG_WARN_UNREACHABLE_CODE = YES;
				CLANG_WARN__DUPLICATE_METHOD_MATCH = YES;
				CODE_SIGN_IDENTITY = "iPhone Developer";
				COPY_PHASE_STRIP = NO;
				DEBUG_INFORMATION_FORMAT = dwarf;
				ENABLE_STRICT_OBJC_MSGSEND = YES;
				ENABLE_TESTABILITY = YES;
				GCC_C_LANGUAGE_STANDARD = gnu11;
				GCC_DYNAMIC_NO_PIC = NO;
				GCC_NO_COMMON_BLOCKS = YES;
				GCC_OPTIMIZATION_LEVEL = 0;
				GCC_PREPROCESSOR_DEFINITIONS = (
					"DEBUG=1",
					"$(inherited)",
				);
				GCC_WARN_64_TO_32_BIT_CONVERSION = YES;
				GCC_WARN_ABOUT_RETURN_TYPE = YES_ERROR;
				GCC_WARN_UNDECLARED_SELECTOR = YES;
				GCC_WARN_UNINITIALIZED_AUTOS = YES_AGGRESSIVE;
				GCC_WARN_UNUSED_FUNCTION = YES;
				GCC_WARN_UNUSED_VARIABLE = YES;
				IPHONEOS_DEPLOYMENT_TARGET = 11.3;
				MTL_ENABLE_DEBUG_INFO = YES;
				ONLY_ACTIVE_ARCH = YES;
				SDKROOT = iphoneos;
				SWIFT_ACTIVE_COMPILATION_CONDITIONS = DEBUG;
				SWIFT_OPTIMIZATION_LEVEL = "-Onone";
			};
			name = Debug;
		};
		E576341C20A98405001D237D /* Release */ = {
			isa = XCBuildConfiguration;
			buildSettings = {
				ALWAYS_SEARCH_USER_PATHS = NO;
				CLANG_ANALYZER_NONNULL = YES;
				CLANG_ANALYZER_NUMBER_OBJECT_CONVERSION = YES_AGGRESSIVE;
				CLANG_CXX_LANGUAGE_STANDARD = "gnu++14";
				CLANG_CXX_LIBRARY = "libc++";
				CLANG_ENABLE_MODULES = YES;
				CLANG_ENABLE_OBJC_ARC = YES;
				CLANG_ENABLE_OBJC_WEAK = YES;
				CLANG_WARN_BLOCK_CAPTURE_AUTORELEASING = YES;
				CLANG_WARN_BOOL_CONVERSION = YES;
				CLANG_WARN_COMMA = YES;
				CLANG_WARN_CONSTANT_CONVERSION = YES;
				CLANG_WARN_DEPRECATED_OBJC_IMPLEMENTATIONS = YES;
				CLANG_WARN_DIRECT_OBJC_ISA_USAGE = YES_ERROR;
				CLANG_WARN_DOCUMENTATION_COMMENTS = YES;
				CLANG_WARN_EMPTY_BODY = YES;
				CLANG_WARN_ENUM_CONVERSION = YES;
				CLANG_WARN_INFINITE_RECURSION = YES;
				CLANG_WARN_INT_CONVERSION = YES;
				CLANG_WARN_NON_LITERAL_NULL_CONVERSION = YES;
				CLANG_WARN_OBJC_IMPLICIT_RETAIN_SELF = YES;
				CLANG_WARN_OBJC_LITERAL_CONVERSION = YES;
				CLANG_WARN_OBJC_ROOT_CLASS = YES_ERROR;
				CLANG_WARN_RANGE_LOOP_ANALYSIS = YES;
				CLANG_WARN_STRICT_PROTOTYPES = YES;
				CLANG_WARN_SUSPICIOUS_MOVE = YES;
				CLANG_WARN_UNGUARDED_AVAILABILITY = YES_AGGRESSIVE;
				CLANG_WARN_UNREACHABLE_CODE = YES;
				CLANG_WARN__DUPLICATE_METHOD_MATCH = YES;
				CODE_SIGN_IDENTITY = "iPhone Developer";
				COPY_PHASE_STRIP = NO;
				DEBUG_INFORMATION_FORMAT = "dwarf-with-dsym";
				ENABLE_NS_ASSERTIONS = NO;
				ENABLE_STRICT_OBJC_MSGSEND = YES;
				GCC_C_LANGUAGE_STANDARD = gnu11;
				GCC_NO_COMMON_BLOCKS = YES;
				GCC_WARN_64_TO_32_BIT_CONVERSION = YES;
				GCC_WARN_ABOUT_RETURN_TYPE = YES_ERROR;
				GCC_WARN_UNDECLARED_SELECTOR = YES;
				GCC_WARN_UNINITIALIZED_AUTOS = YES_AGGRESSIVE;
				GCC_WARN_UNUSED_FUNCTION = YES;
				GCC_WARN_UNUSED_VARIABLE = YES;
				IPHONEOS_DEPLOYMENT_TARGET = 11.3;
				MTL_ENABLE_DEBUG_INFO = NO;
				SDKROOT = iphoneos;
				SWIFT_COMPILATION_MODE = wholemodule;
				SWIFT_OPTIMIZATION_LEVEL = "-O";
				VALIDATE_PRODUCT = YES;
			};
			name = Release;
		};
		E576341E20A98405001D237D /* Debug */ = {
			isa = XCBuildConfiguration;
			buildSettings = {
				ASSETCATALOG_COMPILER_APPICON_NAME = AppIcon;
				CODE_SIGN_STYLE = Automatic;
				INFOPLIST_FILE = ViperContact/Info.plist;
				LD_RUNPATH_SEARCH_PATHS = (
					"$(inherited)",
					"@executable_path/Frameworks",
				);
				PRODUCT_BUNDLE_IDENTIFIER = com.alancasasarevalo.ViperContact;
				PRODUCT_NAME = "$(TARGET_NAME)";
				SWIFT_VERSION = 4.0;
				TARGETED_DEVICE_FAMILY = "1,2";
			};
			name = Debug;
		};
		E576341F20A98405001D237D /* Release */ = {
			isa = XCBuildConfiguration;
			buildSettings = {
				ASSETCATALOG_COMPILER_APPICON_NAME = AppIcon;
				CODE_SIGN_STYLE = Automatic;
				INFOPLIST_FILE = ViperContact/Info.plist;
				LD_RUNPATH_SEARCH_PATHS = (
					"$(inherited)",
					"@executable_path/Frameworks",
				);
				PRODUCT_BUNDLE_IDENTIFIER = com.alancasasarevalo.ViperContact;
				PRODUCT_NAME = "$(TARGET_NAME)";
				SWIFT_VERSION = 4.0;
				TARGETED_DEVICE_FAMILY = "1,2";
			};
			name = Release;
		};
/* End XCBuildConfiguration section */

/* Begin XCConfigurationList section */
		E576340620A98405001D237D /* Build configuration list for PBXProject "ViperContact" */ = {
			isa = XCConfigurationList;
			buildConfigurations = (
				E576341B20A98405001D237D /* Debug */,
				E576341C20A98405001D237D /* Release */,
			);
			defaultConfigurationIsVisible = 0;
			defaultConfigurationName = Release;
		};
		E576341D20A98405001D237D /* Build configuration list for PBXNativeTarget "ViperContact" */ = {
			isa = XCConfigurationList;
			buildConfigurations = (
				E576341E20A98405001D237D /* Debug */,
				E576341F20A98405001D237D /* Release */,
			);
			defaultConfigurationIsVisible = 0;
			defaultConfigurationName = Release;
		};
/* End XCConfigurationList section */

/* Begin XCVersionGroup section */
		E576349120A9A0E1001D237D /* ViperContact.xcdatamodeld */ = {
			isa = XCVersionGroup;
			children = (
				E576349220A9A0E1001D237D /* ViperContact.xcdatamodel */,
			);
			currentVersion = E576349220A9A0E1001D237D /* ViperContact.xcdatamodel */;
			path = ViperContact.xcdatamodeld;
			sourceTree = "<group>";
			versionGroupType = wrapper.xcdatamodel;
		};
/* End XCVersionGroup section */
	};
	rootObject = E576340320A98405001D237D /* Project object */;
}
